
Microsoft Visual Studio Solution File, Format Version 12.00
# Visual Studio 14
VisualStudioVersion = 14.0.25420.1
MinimumVisualStudioVersion = 10.0.40219.1
Project("{8BC9CEB8-8B4A-11D0-8D11-00A0C91BC942}") = "newProject", "newProject\newProject.vcxproj", "{5D5E53DD-1742-4156-8B4F-1583C21C33B8}"
EndProject
Global
	GlobalSection(SolutionConfigurationPlatforms) = preSolution
		Debug|Win32 = Debug|Win32
		Release|Win32 = Release|Win32
	EndGlobalSection
	GlobalSection(ProjectConfigurationPlatforms) = postSolution
		{5D5E53DD-1742-4156-8B4F-1583C21C33B8}.Debug|Win32.ActiveCfg = Debug|Win32
		{5D5E53DD-1742-4156-8B4F-1583C21C33B8}.Debug|Win32.Build.0 = Debug|Win32
		{5D5E53DD-1742-4156-8B4F-1583C21C33B8}.Release|Win32.ActiveCfg = Release|Win32
		{5D5E53DD-1742-4156-8B4F-1583C21C33B8}.Release|Win32.Build.0 = Release|Win32
	EndGlobalSection
	GlobalSection(SolutionProperties) = preSolution
		HideSolutionNode = FALSE
	EndGlobalSection
EndGlobal
